// !$*UTF8*$!
{
	archiveVersion = 1;
	classes = {
	};
	objectVersion = 46;
	objects = {

/* Begin PBXBuildFile section */
		B41F1B8721A0A50F00D14884 /* ffprobe in Resources */ = {isa = PBXBuildFile; fileRef = B41F1B8621A0A50F00D14884 /* ffprobe */; };
		B41F1B8921A1904E00D14884 /* README.MD in Sources */ = {isa = PBXBuildFile; fileRef = B41F1B8821A1904E00D14884 /* README.MD */; };
		B41F1B8B21A1972800D14884 /* screenshot.JPEG in Resources */ = {isa = PBXBuildFile; fileRef = B41F1B8A21A1972700D14884 /* screenshot.JPEG */; };
		B4777DF221CE503800966C9F /* GraphView.swift in Sources */ = {isa = PBXBuildFile; fileRef = B4777DF121CE503800966C9F /* GraphView.swift */; };
		B4846908219368E6000C7784 /* AppDelegate.swift in Sources */ = {isa = PBXBuildFile; fileRef = B4846907219368E6000C7784 /* AppDelegate.swift */; };
		B484690A219368E6000C7784 /* ViewController.swift in Sources */ = {isa = PBXBuildFile; fileRef = B4846909219368E6000C7784 /* ViewController.swift */; };
		B484690C219368E6000C7784 /* Assets.xcassets in Resources */ = {isa = PBXBuildFile; fileRef = B484690B219368E6000C7784 /* Assets.xcassets */; };
		B484690F219368E6000C7784 /* Main.storyboard in Resources */ = {isa = PBXBuildFile; fileRef = B484690D219368E6000C7784 /* Main.storyboard */; };
/* End PBXBuildFile section */

/* Begin PBXFileReference section */
		B41F1B8621A0A50F00D14884 /* ffprobe */ = {isa = PBXFileReference; lastKnownFileType = "compiled.mach-o.executable"; path = ffprobe; sourceTree = "<group>"; };
		B41F1B8821A1904E00D14884 /* README.MD */ = {isa = PBXFileReference; fileEncoding = 4; lastKnownFileType = net.daringfireball.markdown; path = README.MD; sourceTree = "<group>"; };
		B41F1B8A21A1972700D14884 /* screenshot.JPEG */ = {isa = PBXFileReference; lastKnownFileType = image.jpeg; path = screenshot.JPEG; sourceTree = "<group>"; };
		B4777DF121CE503800966C9F /* GraphView.swift */ = {isa = PBXFileReference; fileEncoding = 4; lastKnownFileType = sourcecode.swift; path = GraphView.swift; sourceTree = "<group>"; };
		B4846904219368E6000C7784 /* CutListCreatorX.app */ = {isa = PBXFileReference; explicitFileType = wrapper.application; includeInIndex = 0; path = CutListCreatorX.app; sourceTree = BUILT_PRODUCTS_DIR; };
		B4846907219368E6000C7784 /* AppDelegate.swift */ = {isa = PBXFileReference; lastKnownFileType = sourcecode.swift; path = AppDelegate.swift; sourceTree = "<group>"; };
		B4846909219368E6000C7784 /* ViewController.swift */ = {isa = PBXFileReference; lastKnownFileType = sourcecode.swift; path = ViewController.swift; sourceTree = "<group>"; };
		B484690B219368E6000C7784 /* Assets.xcassets */ = {isa = PBXFileReference; lastKnownFileType = folder.assetcatalog; path = Assets.xcassets; sourceTree = "<group>"; };
		B484690E219368E6000C7784 /* Base */ = {isa = PBXFileReference; lastKnownFileType = file.storyboard; name = Base; path = Base.lproj/Main.storyboard; sourceTree = "<group>"; };
		B4846910219368E6000C7784 /* Info.plist */ = {isa = PBXFileReference; lastKnownFileType = text.plist.xml; path = Info.plist; sourceTree = "<group>"; };
/* End PBXFileReference section */

/* Begin PBXFrameworksBuildPhase section */
		B4846901219368E6000C7784 /* Frameworks */ = {
			isa = PBXFrameworksBuildPhase;
			buildActionMask = 2147483647;
			files = (
			);
			runOnlyForDeploymentPostprocessing = 0;
		};
/* End PBXFrameworksBuildPhase section */

/* Begin PBXGroup section */
		B48468FB219368E6000C7784 = {
			isa = PBXGroup;
			children = (
				B4846906219368E6000C7784 /* CutListCreatorX */,
				B4846905219368E6000C7784 /* Products */,
			);
			sourceTree = "<group>";
		};
		B4846905219368E6000C7784 /* Products */ = {
			isa = PBXGroup;
			children = (
				B4846904219368E6000C7784 /* CutListCreatorX.app */,
			);
			name = Products;
			sourceTree = "<group>";
		};
		B4846906219368E6000C7784 /* CutListCreatorX */ = {
			isa = PBXGroup;
			children = (
				B4846907219368E6000C7784 /* AppDelegate.swift */,
				B4846909219368E6000C7784 /* ViewController.swift */,
				B484690B219368E6000C7784 /* Assets.xcassets */,
				B484690D219368E6000C7784 /* Main.storyboard */,
				B4846910219368E6000C7784 /* Info.plist */,
				B41F1B8621A0A50F00D14884 /* ffprobe */,
				B41F1B8821A1904E00D14884 /* README.MD */,
				B41F1B8A21A1972700D14884 /* screenshot.JPEG */,
				B4777DF121CE503800966C9F /* GraphView.swift */,
			);
			path = CutListCreatorX;
			sourceTree = "<group>";
		};
/* End PBXGroup section */

/* Begin PBXNativeTarget section */
		B4846903219368E6000C7784 /* CutListCreatorX */ = {
			isa = PBXNativeTarget;
			buildConfigurationList = B4846913219368E6000C7784 /* Build configuration list for PBXNativeTarget "CutListCreatorX" */;
			buildPhases = (
				B4846900219368E6000C7784 /* Sources */,
				B4846901219368E6000C7784 /* Frameworks */,
				B4846902219368E6000C7784 /* Resources */,
			);
			buildRules = (
			);
			dependencies = (
			);
			name = CutListCreatorX;
			productName = CutListCreatorX;
			productReference = B4846904219368E6000C7784 /* CutListCreatorX.app */;
			productType = "com.apple.product-type.application";
		};
/* End PBXNativeTarget section */

/* Begin PBXProject section */
		B48468FC219368E6000C7784 /* Project object */ = {
			isa = PBXProject;
			attributes = {
				LastSwiftUpdateCheck = 0800;
				LastUpgradeCheck = 0800;
				ORGANIZATIONNAME = "Jens Brauer";
				TargetAttributes = {
					B4846903219368E6000C7784 = {
						CreatedOnToolsVersion = 8.0;
						ProvisioningStyle = Automatic;
					};
				};
			};
			buildConfigurationList = B48468FF219368E6000C7784 /* Build configuration list for PBXProject "CutListCreatorX" */;
			compatibilityVersion = "Xcode 3.2";
			developmentRegion = English;
			hasScannedForEncodings = 0;
			knownRegions = (
				en,
				Base,
			);
			mainGroup = B48468FB219368E6000C7784;
			productRefGroup = B4846905219368E6000C7784 /* Products */;
			projectDirPath = "";
			projectRoot = "";
			targets = (
				B4846903219368E6000C7784 /* CutListCreatorX */,
			);
		};
/* End PBXProject section */

/* Begin PBXResourcesBuildPhase section */
		B4846902219368E6000C7784 /* Resources */ = {
			isa = PBXResourcesBuildPhase;
			buildActionMask = 2147483647;
			files = (
				B41F1B8721A0A50F00D14884 /* ffprobe in Resources */,
				B41F1B8B21A1972800D14884 /* screenshot.JPEG in Resources */,
				B484690C219368E6000C7784 /* Assets.xcassets in Resources */,
				B484690F219368E6000C7784 /* Main.storyboard in Resources */,
			);
			runOnlyForDeploymentPostprocessing = 0;
		};
/* End PBXResourcesBuildPhase section */

/* Begin PBXSourcesBuildPhase section */
		B4846900219368E6000C7784 /* Sources */ = {
			isa = PBXSourcesBuildPhase;
			buildActionMask = 2147483647;
			files = (
				B41F1B8921A1904E00D14884 /* README.MD in Sources */,
				B484690A219368E6000C7784 /* ViewController.swift in Sources */,
				B4846908219368E6000C7784 /* AppDelegate.swift in Sources */,
				B4777DF221CE503800966C9F /* GraphView.swift in Sources */,
			);
			runOnlyForDeploymentPostprocessing = 0;
		};
/* End PBXSourcesBuildPhase section */

/* Begin PBXVariantGroup section */
		B484690D219368E6000C7784 /* Main.storyboard */ = {
			isa = PBXVariantGroup;
			children = (
				B484690E219368E6000C7784 /* Base */,
			);
			name = Main.storyboard;
			sourceTree = "<group>";
		};
/* End PBXVariantGroup section */

/* Begin XCBuildConfiguration section */
		B4846911219368E6000C7784 /* Debug */ = {
			isa = XCBuildConfiguration;
			buildSettings = {
				ALWAYS_SEARCH_USER_PATHS = NO;
				CLANG_ANALYZER_NONNULL = YES;
				CLANG_CXX_LANGUAGE_STANDARD = "gnu++0x";
				CLANG_CXX_LIBRARY = "libc++";
				CLANG_ENABLE_MODULES = YES;
				CLANG_ENABLE_OBJC_ARC = YES;
				CLANG_WARN_BOOL_CONVERSION = YES;
				CLANG_WARN_CONSTANT_CONVERSION = YES;
				CLANG_WARN_DIRECT_OBJC_ISA_USAGE = YES_ERROR;
				CLANG_WARN_DOCUMENTATION_COMMENTS = YES;
				CLANG_WARN_EMPTY_BODY = YES;
				CLANG_WARN_ENUM_CONVERSION = YES;
				CLANG_WARN_INFINITE_RECURSION = YES;
				CLANG_WARN_INT_CONVERSION = YES;
				CLANG_WARN_OBJC_ROOT_CLASS = YES_ERROR;
				CLANG_WARN_SUSPICIOUS_MOVES = YES;
				CLANG_WARN_UNREACHABLE_CODE = YES;
				CLANG_WARN__DUPLICATE_METHOD_MATCH = YES;
				CODE_SIGN_IDENTITY = "-";
				COPY_PHASE_STRIP = NO;
				DEBUG_INFORMATION_FORMAT = dwarf;
				ENABLE_STRICT_OBJC_MSGSEND = YES;
				ENABLE_TESTABILITY = YES;
				GCC_C_LANGUAGE_STANDARD = gnu99;
				GCC_DYNAMIC_NO_PIC = NO;
				GCC_NO_COMMON_BLOCKS = YES;
				GCC_OPTIMIZATION_LEVEL = 0;
				GCC_PREPROCESSOR_DEFINITIONS = (
					"DEBUG=1",
					"$(inherited)",
				);
				GCC_WARN_64_TO_32_BIT_CONVERSION = YES;
				GCC_WARN_ABOUT_RETURN_TYPE = YES_ERROR;
				GCC_WARN_UNDECLARED_SELECTOR = YES;
				GCC_WARN_UNINITIALIZED_AUTOS = YES_AGGRESSIVE;
				GCC_WARN_UNUSED_FUNCTION = YES;
				GCC_WARN_UNUSED_VARIABLE = YES;
				MACOSX_DEPLOYMENT_TARGET = 10.11;
				MTL_ENABLE_DEBUG_INFO = YES;
				ONLY_ACTIVE_ARCH = YES;
				SDKROOT = macosx;
				SWIFT_ACTIVE_COMPILATION_CONDITIONS = DEBUG;
				SWIFT_OPTIMIZATION_LEVEL = "-Onone";
			};
			name = Debug;
		};
		B4846912219368E6000C7784 /* Release */ = {
			isa = XCBuildConfiguration;
			buildSettings = {
				ALWAYS_SEARCH_USER_PATHS = NO;
				CLANG_ANALYZER_NONNULL = YES;
				CLANG_CXX_LANGUAGE_STANDARD = "gnu++0x";
				CLANG_CXX_LIBRARY = "libc++";
				CLANG_ENABLE_MODULES = YES;
				CLANG_ENABLE_OBJC_ARC = YES;
				CLANG_WARN_BOOL_CONVERSION = YES;
				CLANG_WARN_CONSTANT_CONVERSION = YES;
				CLANG_WARN_DIRECT_OBJC_ISA_USAGE = YES_ERROR;
				CLANG_WARN_DOCUMENTATION_COMMENTS = YES;
				CLANG_WARN_EMPTY_BODY = YES;
				CLANG_WARN_ENUM_CONVERSION = YES;
				CLANG_WARN_INFINITE_RECURSION = YES;
				CLANG_WARN_INT_CONVERSION = YES;
				CLANG_WARN_OBJC_ROOT_CLASS = YES_ERROR;
				CLANG_WARN_SUSPICIOUS_MOVES = YES;
				CLANG_WARN_UNREACHABLE_CODE = YES;
				CLANG_WARN__DUPLICATE_METHOD_MATCH = YES;
				CODE_SIGN_IDENTITY = "-";
				COPY_PHASE_STRIP = NO;
				DEBUG_INFORMATION_FORMAT = "dwarf-with-dsym";
				ENABLE_NS_ASSERTIONS = NO;
				ENABLE_STRICT_OBJC_MSGSEND = YES;
				GCC_C_LANGUAGE_STANDARD = gnu99;
				GCC_NO_COMMON_BLOCKS = YES;
				GCC_WARN_64_TO_32_BIT_CONVERSION = YES;
				GCC_WARN_ABOUT_RETURN_TYPE = YES_ERROR;
				GCC_WARN_UNDECLARED_SELECTOR = YES;
				GCC_WARN_UNINITIALIZED_AUTOS = YES_AGGRESSIVE;
				GCC_WARN_UNUSED_FUNCTION = YES;
				GCC_WARN_UNUSED_VARIABLE = YES;
				MACOSX_DEPLOYMENT_TARGET = 10.11;
				MTL_ENABLE_DEBUG_INFO = NO;
				SDKROOT = macosx;
				SWIFT_OPTIMIZATION_LEVEL = "-Owholemodule";
			};
			name = Release;
		};
		B4846914219368E6000C7784 /* Debug */ = {
			isa = XCBuildConfiguration;
			buildSettings = {
				ASSETCATALOG_COMPILER_APPICON_NAME = AppIcon;
				COMBINE_HIDPI_IMAGES = YES;
				INFOPLIST_FILE = CutListCreatorX/Info.plist;
				LD_RUNPATH_SEARCH_PATHS = "$(inherited) @executable_path/../Frameworks";
				PRODUCT_BUNDLE_IDENTIFIER = com.jb.CutListCreatorX;
				PRODUCT_NAME = "$(TARGET_NAME)";
				SWIFT_VERSION = 3.0;
			};
			name = Debug;
		};
		B4846915219368E6000C7784 /* Release */ = {
			isa = XCBuildConfiguration;
			buildSettings = {
				ASSETCATALOG_COMPILER_APPICON_NAME = AppIcon;
				COMBINE_HIDPI_IMAGES = YES;
				INFOPLIST_FILE = CutListCreatorX/Info.plist;
				LD_RUNPATH_SEARCH_PATHS = "$(inherited) @executable_path/../Frameworks";
				PRODUCT_BUNDLE_IDENTIFIER = com.jb.CutListCreatorX;
				PRODUCT_NAME = "$(TARGET_NAME)";
				SWIFT_VERSION = 3.0;
			};
			name = Release;
		};
/* End XCBuildConfiguration section */

/* Begin XCConfigurationList section */
		B48468FF219368E6000C7784 /* Build configuration list for PBXProject "CutListCreatorX" */ = {
			isa = XCConfigurationList;
			buildConfigurations = (
				B4846911219368E6000C7784 /* Debug */,
				B4846912219368E6000C7784 /* Release */,
			);
			defaultConfigurationIsVisible = 0;
			defaultConfigurationName = Release;
		};
		B4846913219368E6000C7784 /* Build configuration list for PBXNativeTarget "CutListCreatorX" */ = {
			isa = XCConfigurationList;
			buildConfigurations = (
				B4846914219368E6000C7784 /* Debug */,
				B4846915219368E6000C7784 /* Release */,
			);
			defaultConfigurationIsVisible = 0;
			defaultConfigurationName = Release;
		};
/* End XCConfigurationList section */
	};
	rootObject = B48468FC219368E6000C7784 /* Project object */;
}
